<?xml version="1.0" encoding="utf-8"?>
<Project ToolsVersion="4.0" xmlns="http://schemas.microsoft.com/developer/msbuild/2003">
  <ItemGroup>
    <Filter Include="Source Files">
      <UniqueIdentifier>{4FC737F1-C7A5-4376-A066-2A32D752A2FF}</UniqueIdentifier>
      <Extensions>cpp;c;cc;cxx;def;odl;idl;hpj;bat;asm;asmx</Extensions>
    </Filter>
    <Filter Include="Source Files\Interface">
      <UniqueIdentifier>{d92ef2c9-45d0-4db2-898b-c83e755f0148}</UniqueIdentifier>
    </Filter>
    <Filter Include="Source Files\Utility">
      <UniqueIdentifier>{1cedba3d-8162-4197-8825-10fa764bbf20}</UniqueIdentifier>
    </Filter>
  </ItemGroup>
  <ItemGroup>
    <ClCompile Include="main.cpp">
      <Filter>Source Files</Filter>
    </ClCompile>
    <ClCompile Include="SFLCARS.cpp">
      <Filter>Source Files</Filter>
    </ClCompile>
    <ClCompile Include="utility\RoundRectangle.cpp">
      <Filter>Source Files\Utility</Filter>
    </ClCompile>
    <ClCompile Include="interface\Bar.cpp">
      <Filter>Source Files\Interface</Filter>
    </ClCompile>
    <ClCompile Include="interface\Element.cpp">
      <Filter>Source Files\Interface</Filter>
    </ClCompile>
    <ClCompile Include="interface\IconButton.cpp">
      <Filter>Source Files\Interface</Filter>
    </ClCompile>
    <ClCompile Include="interface\TextButton.cpp">
      <Filter>Source Files\Interface</Filter>
    </ClCompile>
    <ClCompile Include="interface\Button.cpp">
      <Filter>Source Files\Interface</Filter>
    </ClCompile>
  </ItemGroup>
  <ItemGroup>
    <ClInclude Include="SFLCARS.hpp">
      <Filter>Source Files</Filter>
    </ClInclude>
    <ClInclude Include="utility\RoundRectangle.hpp">
      <Filter>Source Files\Utility</Filter>
    </ClInclude>
    <ClInclude Include="interface\Bar.hpp">
      <Filter>Source Files\Interface</Filter>
    </ClInclude>
    <ClInclude Include="interface\Element.hpp">
      <Filter>Source Files\Interface</Filter>
    </ClInclude>
    <ClInclude Include="interface\IconButton.hpp">
      <Filter>Source Files\Interface</Filter>
    </ClInclude>
    <ClInclude Include="interface\TextButton.hpp">
      <Filter>Source Files\Interface</Filter>
    </ClInclude>
    <ClInclude Include="interface\Button.hpp">
      <Filter>Source Files\Interface</Filter>
    </ClInclude>
  </ItemGroup>
</Project>