<?xml version="1.0" encoding="utf-8"?>
<Project ToolsVersion="4.0" xmlns="http://schemas.microsoft.com/developer/msbuild/2003">
  <ItemGroup>
    <Filter Include="Source Files">
      <UniqueIdentifier>{4FC737F1-C7A5-4376-A066-2A32D752A2FF}</UniqueIdentifier>
      <Extensions>cpp;c;cc;cxx;def;odl;idl;hpj;bat;asm;asmx</Extensions>
    </Filter>
    <Filter Include="Source Files\Utility">
      <UniqueIdentifier>{00d3f975-3dc5-49e8-9d0b-8fc3656e9066}</UniqueIdentifier>
    </Filter>
    <Filter Include="Source Files\Elements">
      <UniqueIdentifier>{a92a291a-91c4-4f80-9f6c-df7b70ea7bdb}</UniqueIdentifier>
    </Filter>
    <Filter Include="Source Files\Elements\Bars">
      <UniqueIdentifier>{53ddeb08-01c1-4fd4-a08e-d6c3a9a23b83}</UniqueIdentifier>
    </Filter>
    <Filter Include="Source Files\Elements\Buttons">
      <UniqueIdentifier>{f1172b4e-1181-4375-9fcc-3aad02997a08}</UniqueIdentifier>
    </Filter>
  </ItemGroup>
  <ItemGroup>
    <ClCompile Include="RoundRectangle.cpp">
      <Filter>Source Files\Utility</Filter>
    </ClCompile>
    <ClCompile Include="Display.cpp">
      <Filter>Source Files\Elements</Filter>
    </ClCompile>
    <ClCompile Include="Element.cpp">
      <Filter>Source Files\Elements</Filter>
    </ClCompile>
    <ClCompile Include="InputBox.cpp">
      <Filter>Source Files\Elements</Filter>
    </ClCompile>
    <ClCompile Include="Layout.cpp">
      <Filter>Source Files\Elements</Filter>
    </ClCompile>
    <ClCompile Include="Spacer.cpp">
      <Filter>Source Files\Elements</Filter>
    </ClCompile>
    <ClCompile Include="String.cpp">
      <Filter>Source Files\Elements</Filter>
    </ClCompile>
    <ClCompile Include="ResourceManager.cpp">
      <Filter>Source Files\Utility</Filter>
    </ClCompile>
    <ClCompile Include="Theme.cpp">
      <Filter>Source Files\Utility</Filter>
    </ClCompile>
    <ClCompile Include="Bar.cpp">
      <Filter>Source Files\Elements\Bars</Filter>
    </ClCompile>
    <ClCompile Include="TextBar.cpp">
      <Filter>Source Files\Elements\Bars</Filter>
    </ClCompile>
    <ClCompile Include="Button.cpp">
      <Filter>Source Files\Elements\Buttons</Filter>
    </ClCompile>
    <ClCompile Include="IconButton.cpp">
      <Filter>Source Files\Elements\Buttons</Filter>
    </ClCompile>
  </ItemGroup>
  <ItemGroup>
    <ClInclude Include="RoundRectangle.hpp">
      <Filter>Source Files\Utility</Filter>
    </ClInclude>
    <ClInclude Include="Display.hpp">
      <Filter>Source Files\Elements</Filter>
    </ClInclude>
    <ClInclude Include="Element.hpp">
      <Filter>Source Files\Elements</Filter>
    </ClInclude>
    <ClInclude Include="InputBox.hpp">
      <Filter>Source Files\Elements</Filter>
    </ClInclude>
    <ClInclude Include="Layout.hpp">
      <Filter>Source Files\Elements</Filter>
    </ClInclude>
    <ClInclude Include="Spacer.hpp">
      <Filter>Source Files\Elements</Filter>
    </ClInclude>
    <ClInclude Include="String.hpp">
      <Filter>Source Files\Elements</Filter>
    </ClInclude>
    <ClInclude Include="ResourceManager.hpp">
      <Filter>Source Files\Utility</Filter>
    </ClInclude>
    <ClInclude Include="Theme.hpp">
      <Filter>Source Files\Utility</Filter>
    </ClInclude>
    <ClInclude Include="Bar.hpp">
      <Filter>Source Files\Elements\Bars</Filter>
    </ClInclude>
    <ClInclude Include="TextBar.hpp">
      <Filter>Source Files\Elements\Bars</Filter>
    </ClInclude>
    <ClInclude Include="Button.hpp">
      <Filter>Source Files\Elements\Buttons</Filter>
    </ClInclude>
    <ClInclude Include="IconButton.hpp">
      <Filter>Source Files\Elements\Buttons</Filter>
    </ClInclude>
  </ItemGroup>
</Project>