<?xml version="1.0" encoding="utf-8"?>
<Project ToolsVersion="4.0" xmlns="http://schemas.microsoft.com/developer/msbuild/2003">
  <ItemGroup>
    <Filter Include="Source Files">
      <UniqueIdentifier>{4FC737F1-C7A5-4376-A066-2A32D752A2FF}</UniqueIdentifier>
      <Extensions>cpp;c;cc;cxx;def;odl;idl;hpj;bat;asm;asmx</Extensions>
    </Filter>
    <Filter Include="Source Files\States">
      <UniqueIdentifier>{c933b8ff-1281-4092-bdba-978456171b85}</UniqueIdentifier>
    </Filter>
    <Filter Include="Source Files\Network">
      <UniqueIdentifier>{dfe057cd-d6ad-4e64-99cc-9c3521b0dd67}</UniqueIdentifier>
    </Filter>
  </ItemGroup>
  <ItemGroup>
    <ClCompile Include="AppEngine.cpp">
      <Filter>Source Files</Filter>
    </ClCompile>
    <ClCompile Include="main.cpp">
      <Filter>Source Files</Filter>
    </ClCompile>
    <ClCompile Include="InitialiseState.cpp">
      <Filter>Source Files\States</Filter>
    </ClCompile>
    <ClCompile Include="IntercomState.cpp">
      <Filter>Source Files\States</Filter>
    </ClCompile>
    <ClCompile Include="MainMenuState.cpp">
      <Filter>Source Files\States</Filter>
    </ClCompile>
    <ClCompile Include="MessageSendState.cpp">
      <Filter>Source Files\States</Filter>
    </ClCompile>
    <ClCompile Include="LoginState.cpp">
      <Filter>Source Files\States</Filter>
    </ClCompile>
    <ClCompile Include="Listener.cpp">
      <Filter>Source Files\Network</Filter>
    </ClCompile>
    <ClCompile Include="NetworkRecorder.cpp">
      <Filter>Source Files\Network</Filter>
    </ClCompile>
    <ClCompile Include="NetworkEvent.cpp">
      <Filter>Source Files\Network</Filter>
    </ClCompile>
  </ItemGroup>
  <ItemGroup>
    <ClInclude Include="AppEngine.hpp">
      <Filter>Source Files</Filter>
    </ClInclude>
    <ClInclude Include="AppState.hpp">
      <Filter>Source Files\States</Filter>
    </ClInclude>
    <ClInclude Include="InitialiseState.hpp">
      <Filter>Source Files\States</Filter>
    </ClInclude>
    <ClInclude Include="IntercomState.hpp">
      <Filter>Source Files\States</Filter>
    </ClInclude>
    <ClInclude Include="MainMenuState.hpp">
      <Filter>Source Files\States</Filter>
    </ClInclude>
    <ClInclude Include="MessageSendState.hpp">
      <Filter>Source Files\States</Filter>
    </ClInclude>
    <ClInclude Include="LoginState.hpp">
      <Filter>Source Files\States</Filter>
    </ClInclude>
    <ClInclude Include="Listener.hpp">
      <Filter>Source Files\Network</Filter>
    </ClInclude>
    <ClInclude Include="NetworkRecorder.hpp">
      <Filter>Source Files\Network</Filter>
    </ClInclude>
    <ClInclude Include="NetworkEvent.hpp">
      <Filter>Source Files\Network</Filter>
    </ClInclude>
  </ItemGroup>
</Project>